<?xml version="1.0" encoding="utf-8"?>
<Project ToolsVersion="4.0" xmlns="http://schemas.microsoft.com/developer/msbuild/2003">
  <ItemGroup>
    <Filter Include="Source Files">
      <UniqueIdentifier>{4FC737F1-C7A5-4376-A066-2A32D752A2FF}</UniqueIdentifier>
      <Extensions>cpp;c;cc;cxx;c++;cppm;ixx;def;odl;idl;hpj;bat;asm;asmx</Extensions>
    </Filter>
    <Filter Include="Header Files">
      <UniqueIdentifier>{93995380-89BD-4b04-88EB-625FBE52EBFB}</UniqueIdentifier>
      <Extensions>h;hh;hpp;hxx;h++;hm;inl;inc;ipp;xsd</Extensions>
    </Filter>
    <Filter Include="Resource Files">
      <UniqueIdentifier>{67DA6AB6-F800-4c08-8B7A-83BB121AAD01}</UniqueIdentifier>
      <Extensions>rc;ico;cur;bmp;dlg;rc2;rct;bin;rgs;gif;jpg;jpeg;jpe;resx;tiff;tif;png;wav;mfcribbon-ms</Extensions>
    </Filter>
  </ItemGroup>
  <ItemGroup>
    <ClCompile Include="sandbox\src\sandbox.cpp">
      <Filter>Source Files</Filter>
    </ClCompile>
    <ClCompile Include="engine\window\Window.cpp">
      <Filter>Source Files</Filter>
    </ClCompile>
    <ClCompile Include="engine\input_engine\Keyboard.cpp">
      <Filter>Source Files</Filter>
    </ClCompile>
    <ClCompile Include="engine\input_engine\Mouse.cpp">
      <Filter>Source Files</Filter>
    </ClCompile>
    <ClCompile Include="engine\application\Application.cpp">
      <Filter>Source Files</Filter>
    </ClCompile>
    <ClCompile Include="engine\utility\time\Timer.cpp">
      <Filter>Source Files</Filter>
    </ClCompile>
    <ClCompile Include="engine\graphics_engine\core\RenderSystem.cpp">
      <Filter>Source Files</Filter>
    </ClCompile>
    <ClCompile Include="engine\graphics_engine\camera\Camera.cpp">
      <Filter>Source Files</Filter>
    </ClCompile>
    <ClCompile Include="engine\utility\exception\Exception.cpp">
      <Filter>Source Files</Filter>
    </ClCompile>
    <ClCompile Include="engine\utility\exception\WindowException.cpp">
      <Filter>Source Files</Filter>
    </ClCompile>
    <ClCompile Include="engine\graphics_engine\core\SwapChain.cpp">
      <Filter>Source Files</Filter>
    </ClCompile>
    <ClCompile Include="engine\graphics_engine\core\D3DDevice.cpp">
      <Filter>Source Files</Filter>
    </ClCompile>
    <ClCompile Include="engine\graphics_engine\core\bindable\IndexBuffer.cpp">
      <Filter>Source Files</Filter>
    </ClCompile>
    <ClCompile Include="engine\graphics_engine\core\bindable\Mesh.cpp">
      <Filter>Source Files</Filter>
    </ClCompile>
    <ClCompile Include="engine\graphics_engine\core\bindable\PixelShader.cpp">
      <Filter>Source Files</Filter>
    </ClCompile>
    <ClCompile Include="engine\graphics_engine\core\bindable\PrimitiveTopology.cpp">
      <Filter>Source Files</Filter>
    </ClCompile>
    <ClCompile Include="engine\graphics_engine\core\bindable\Texture.cpp">
      <Filter>Source Files</Filter>
    </ClCompile>
    <ClCompile Include="engine\graphics_engine\core\bindable\TransformConstantBuffer.cpp">
      <Filter>Source Files</Filter>
    </ClCompile>
    <ClCompile Include="engine\graphics_engine\core\bindable\VertexBuffer.cpp">
      <Filter>Source Files</Filter>
    </ClCompile>
    <ClCompile Include="engine\graphics_engine\core\bindable\VertexShader.cpp">
      <Filter>Source Files</Filter>
    </ClCompile>
    <ClCompile Include="engine\graphics_engine\core\drawable\Drawable.cpp">
      <Filter>Source Files</Filter>
    </ClCompile>
    <ClCompile Include="engine\graphics_engine\core\drawable\Light.cpp">
      <Filter>Source Files</Filter>
    </ClCompile>
    <ClCompile Include="engine\graphics_engine\core\drawable\Model.cpp">
      <Filter>Source Files</Filter>
    </ClCompile>
    <ClCompile Include="engine\graphics_engine\core\drawable\SkySphere.cpp">
      <Filter>Source Files</Filter>
    </ClCompile>
    <ClCompile Include="engine\graphics_engine\core\bindable\Buffer.cpp">
      <Filter>Source Files</Filter>
    </ClCompile>
  </ItemGroup>
  <ItemGroup>
    <ClInclude Include="engine\utility\parser\StringParser.h">
      <Filter>Header Files</Filter>
    </ClInclude>
    <ClInclude Include="engine\utility\winapi\WinAPI.h">
      <Filter>Header Files</Filter>
    </ClInclude>
    <ClInclude Include="engine\input_engine\Keyboard.h">
      <Filter>Header Files</Filter>
    </ClInclude>
    <ClInclude Include="engine\input_engine\Mouse.h">
      <Filter>Header Files</Filter>
    </ClInclude>
    <ClInclude Include="engine\application\Application.h">
      <Filter>Header Files</Filter>
    </ClInclude>
    <ClInclude Include="engine\utility\time\Timer.h">
      <Filter>Header Files</Filter>
    </ClInclude>
    <ClInclude Include="engine\graphics_engine\core\RenderSystem.h">
      <Filter>Header Files</Filter>
    </ClInclude>
    <ClInclude Include="engine\window\Window.h">
      <Filter>Header Files</Filter>
    </ClInclude>
    <ClInclude Include="engine\graphics_engine\camera\Camera.h">
      <Filter>Header Files</Filter>
    </ClInclude>
    <ClInclude Include="engine\graphics_engine\core\Vertex.h">
      <Filter>Header Files</Filter>
    </ClInclude>
    <ClInclude Include="engine\utility\exception\ExeptionMacros.h">
      <Filter>Header Files</Filter>
    </ClInclude>
    <ClInclude Include="engine\utility\exception\Exception.h">
      <Filter>Header Files</Filter>
    </ClInclude>
    <ClInclude Include="engine\utility\exception\HResultable.h">
      <Filter>Header Files</Filter>
    </ClInclude>
    <ClInclude Include="engine\utility\exception\WindowException.h">
      <Filter>Header Files</Filter>
    </ClInclude>
    <ClInclude Include="engine\graphics_engine\core\SwapChain.h">
      <Filter>Header Files</Filter>
    </ClInclude>
    <ClInclude Include="engine\graphics_engine\core\D3DDevice.h">
      <Filter>Header Files</Filter>
    </ClInclude>
    <ClInclude Include="engine\graphics_engine\core\bindable\Bindable.h">
      <Filter>Header Files</Filter>
    </ClInclude>
    <ClInclude Include="engine\graphics_engine\core\bindable\Buffer.h">
      <Filter>Header Files</Filter>
    </ClInclude>
    <ClInclude Include="engine\graphics_engine\core\bindable\ConstantBuffer.h">
      <Filter>Header Files</Filter>
    </ClInclude>
    <ClInclude Include="engine\graphics_engine\core\bindable\IndexBuffer.h">
      <Filter>Header Files</Filter>
    </ClInclude>
    <ClInclude Include="engine\graphics_engine\core\bindable\Mesh.h">
      <Filter>Header Files</Filter>
    </ClInclude>
    <ClInclude Include="engine\graphics_engine\core\bindable\PixelShader.h">
      <Filter>Header Files</Filter>
    </ClInclude>
    <ClInclude Include="engine\graphics_engine\core\bindable\PrimitiveTopology.h">
      <Filter>Header Files</Filter>
    </ClInclude>
    <ClInclude Include="engine\graphics_engine\core\bindable\Texture.h">
      <Filter>Header Files</Filter>
    </ClInclude>
    <ClInclude Include="engine\graphics_engine\core\bindable\TransformConstantBuffer.h">
      <Filter>Header Files</Filter>
    </ClInclude>
    <ClInclude Include="engine\graphics_engine\core\bindable\VertexBuffer.h">
      <Filter>Header Files</Filter>
    </ClInclude>
    <ClInclude Include="engine\graphics_engine\core\bindable\VertexShader.h">
      <Filter>Header Files</Filter>
    </ClInclude>
    <ClInclude Include="engine\graphics_engine\core\drawable\Drawable.h">
      <Filter>Header Files</Filter>
    </ClInclude>
    <ClInclude Include="engine\graphics_engine\core\drawable\GameObject.h">
      <Filter>Header Files</Filter>
    </ClInclude>
    <ClInclude Include="engine\graphics_engine\core\drawable\Light.h">
      <Filter>Header Files</Filter>
    </ClInclude>
    <ClInclude Include="engine\graphics_engine\core\drawable\Model.h">
      <Filter>Header Files</Filter>
    </ClInclude>
    <ClInclude Include="engine\graphics_engine\core\drawable\SkySphere.h">
      <Filter>Header Files</Filter>
    </ClInclude>
  </ItemGroup>
</Project>